
Microsoft Visual Studio Solution File, Format Version 12.00
# Visual Studio Version 16
VisualStudioVersion = 16.0.33328.57
MinimumVisualStudioVersion = 10.0.40219.1
Project("{FAE04EC0-301F-11D3-BF4B-00C04F79EFBC}") = "SuefaApp", "SuefaApp\SuefaApp.csproj", "{3F8407B1-F97A-4DFD-9975-D648140783FD}"
EndProject
Global
	GlobalSection(SolutionConfigurationPlatforms) = preSolution
		Debug|Any CPU = Debug|Any CPU
		Release|Any CPU = Release|Any CPU
	EndGlobalSection
	GlobalSection(ProjectConfigurationPlatforms) = postSolution
		{3F8407B1-F97A-4DFD-9975-D648140783FD}.Debug|Any CPU.ActiveCfg = Debug|Any CPU
		{3F8407B1-F97A-4DFD-9975-D648140783FD}.Debug|Any CPU.Build.0 = Debug|Any CPU
		{3F8407B1-F97A-4DFD-9975-D648140783FD}.Release|Any CPU.ActiveCfg = Release|Any CPU
		{3F8407B1-F97A-4DFD-9975-D648140783FD}.Release|Any CPU.Build.0 = Release|Any CPU
	EndGlobalSection
	GlobalSection(SolutionProperties) = preSolution
		HideSolutionNode = FALSE
	EndGlobalSection
	GlobalSection(ExtensibilityGlobals) = postSolution
		SolutionGuid = {78EB8AF0-4BCE-441C-AF4E-DF964C58043C}
	EndGlobalSection
EndGlobal
